
Microsoft Visual Studio Solution File, Format Version 12.00
# Visual Studio Version 17
VisualStudioVersion = 17.12.35707.178 d17.12
MinimumVisualStudioVersion = 10.0.40219.1
Project("{2150E333-8FDC-42A3-9474-1A3956D46DE8}") = "task0", "task0", "{1499879A-9626-447F-B38B-78768D39E9AD}"
EndProject
Project("{FAE04EC0-301F-11D3-BF4B-00C04F79EFBC}") = "Tyuiu.MusinND.Sprint6.Task0.V29.Lib", "Tyuiu.MusinND.Sprint6.Task0.V29.Lib\Tyuiu.MusinND.Sprint6.Task0.V29.Lib.csproj", "{20B559E6-2728-4501-9A4A-820D00FCB008}"
EndProject
Project("{FAE04EC0-301F-11D3-BF4B-00C04F79EFBC}") = "Tyuiu.MusinND.Sprint6.Task0.V29.Test", "Tyuiu.MusinND.Sprint6.Task0.V29.Test\Tyuiu.MusinND.Sprint6.Task0.V29.Test.csproj", "{6679C949-B566-4E38-B20F-62540AD39C53}"
EndProject
Global
	GlobalSection(SolutionConfigurationPlatforms) = preSolution
		Debug|Any CPU = Debug|Any CPU
		Release|Any CPU = Release|Any CPU
	EndGlobalSection
	GlobalSection(ProjectConfigurationPlatforms) = postSolution
		{20B559E6-2728-4501-9A4A-820D00FCB008}.Debug|Any CPU.ActiveCfg = Debug|Any CPU
		{20B559E6-2728-4501-9A4A-820D00FCB008}.Debug|Any CPU.Build.0 = Debug|Any CPU
		{20B559E6-2728-4501-9A4A-820D00FCB008}.Release|Any CPU.ActiveCfg = Release|Any CPU
		{20B559E6-2728-4501-9A4A-820D00FCB008}.Release|Any CPU.Build.0 = Release|Any CPU
		{6679C949-B566-4E38-B20F-62540AD39C53}.Debug|Any CPU.ActiveCfg = Debug|Any CPU
		{6679C949-B566-4E38-B20F-62540AD39C53}.Debug|Any CPU.Build.0 = Debug|Any CPU
		{6679C949-B566-4E38-B20F-62540AD39C53}.Release|Any CPU.ActiveCfg = Release|Any CPU
		{6679C949-B566-4E38-B20F-62540AD39C53}.Release|Any CPU.Build.0 = Release|Any CPU
	EndGlobalSection
	GlobalSection(SolutionProperties) = preSolution
		HideSolutionNode = FALSE
	EndGlobalSection
	GlobalSection(NestedProjects) = preSolution
		{20B559E6-2728-4501-9A4A-820D00FCB008} = {1499879A-9626-447F-B38B-78768D39E9AD}
		{6679C949-B566-4E38-B20F-62540AD39C53} = {1499879A-9626-447F-B38B-78768D39E9AD}
	EndGlobalSection
EndGlobal
