
Microsoft Visual Studio Solution File, Format Version 12.00
# Visual Studio Version 17
VisualStudioVersion = 17.12.35707.178 d17.12
MinimumVisualStudioVersion = 10.0.40219.1
Project("{2150E333-8FDC-42A3-9474-1A3956D46DE8}") = "task0", "task0", "{1499879A-9626-447F-B38B-78768D39E9AD}"
EndProject
Project("{FAE04EC0-301F-11D3-BF4B-00C04F79EFBC}") = "Tyuiu.MusinND.Sprint6.Task0.V29.Lib", "Tyuiu.MusinND.Sprint6.Task0.V29.Lib\Tyuiu.MusinND.Sprint6.Task0.V29.Lib.csproj", "{20B559E6-2728-4501-9A4A-820D00FCB008}"
EndProject
Project("{FAE04EC0-301F-11D3-BF4B-00C04F79EFBC}") = "Tyuiu.MusinND.Sprint6.Task0.V29.Test", "Tyuiu.MusinND.Sprint6.Task0.V29.Test\Tyuiu.MusinND.Sprint6.Task0.V29.Test.csproj", "{6679C949-B566-4E38-B20F-62540AD39C53}"
EndProject
Project("{FAE04EC0-301F-11D3-BF4B-00C04F79EFBC}") = "Tyuiu.MusinND.Sprint6.Task0.V29", "Tyuiu.MusinND.Sprint6.Task0.V29\Tyuiu.MusinND.Sprint6.Task0.V29.csproj", "{84E32FAF-F71B-4E5D-8114-E4A5C4C81471}"
EndProject
Project("{2150E333-8FDC-42A3-9474-1A3956D46DE8}") = "task1", "task1", "{2CADDDE9-C23C-43C0-BF5C-8A0E073DE295}"
EndProject
Project("{FAE04EC0-301F-11D3-BF4B-00C04F79EFBC}") = "Tyuiu.MusinND.Sprint6.Task1.V5", "Tyuiu.MusinND.Sprint6.Task1.V5\Tyuiu.MusinND.Sprint6.Task1.V5.csproj", "{10E41FA6-8867-4D01-B25B-11879DFCA9FB}"
EndProject
Project("{FAE04EC0-301F-11D3-BF4B-00C04F79EFBC}") = "Tyuiu.MusinND.Sprint6.Task1.V5.Test", "Tyuiu.MusinND.Sprint6.Task1.V5.Test\Tyuiu.MusinND.Sprint6.Task1.V5.Test.csproj", "{5D051620-7D86-4CD9-A3F3-A9255AF121F7}"
EndProject
Project("{FAE04EC0-301F-11D3-BF4B-00C04F79EFBC}") = "Tyuiu.MusinND.Sprint6.Task1.V5.Lib", "Tyuiu.MusinND.Sprint6.Task1.V5.Lib\Tyuiu.MusinND.Sprint6.Task1.V5.Lib.csproj", "{8433DC01-340F-4322-8060-F9F39E765B81}"
EndProject
Global
	GlobalSection(SolutionConfigurationPlatforms) = preSolution
		Debug|Any CPU = Debug|Any CPU
		Release|Any CPU = Release|Any CPU
	EndGlobalSection
	GlobalSection(ProjectConfigurationPlatforms) = postSolution
		{20B559E6-2728-4501-9A4A-820D00FCB008}.Debug|Any CPU.ActiveCfg = Debug|Any CPU
		{20B559E6-2728-4501-9A4A-820D00FCB008}.Debug|Any CPU.Build.0 = Debug|Any CPU
		{20B559E6-2728-4501-9A4A-820D00FCB008}.Release|Any CPU.ActiveCfg = Release|Any CPU
		{20B559E6-2728-4501-9A4A-820D00FCB008}.Release|Any CPU.Build.0 = Release|Any CPU
		{6679C949-B566-4E38-B20F-62540AD39C53}.Debug|Any CPU.ActiveCfg = Debug|Any CPU
		{6679C949-B566-4E38-B20F-62540AD39C53}.Debug|Any CPU.Build.0 = Debug|Any CPU
		{6679C949-B566-4E38-B20F-62540AD39C53}.Release|Any CPU.ActiveCfg = Release|Any CPU
		{6679C949-B566-4E38-B20F-62540AD39C53}.Release|Any CPU.Build.0 = Release|Any CPU
		{84E32FAF-F71B-4E5D-8114-E4A5C4C81471}.Debug|Any CPU.ActiveCfg = Debug|Any CPU
		{84E32FAF-F71B-4E5D-8114-E4A5C4C81471}.Debug|Any CPU.Build.0 = Debug|Any CPU
		{84E32FAF-F71B-4E5D-8114-E4A5C4C81471}.Release|Any CPU.ActiveCfg = Release|Any CPU
		{84E32FAF-F71B-4E5D-8114-E4A5C4C81471}.Release|Any CPU.Build.0 = Release|Any CPU
		{10E41FA6-8867-4D01-B25B-11879DFCA9FB}.Debug|Any CPU.ActiveCfg = Debug|Any CPU
		{10E41FA6-8867-4D01-B25B-11879DFCA9FB}.Debug|Any CPU.Build.0 = Debug|Any CPU
		{10E41FA6-8867-4D01-B25B-11879DFCA9FB}.Release|Any CPU.ActiveCfg = Release|Any CPU
		{10E41FA6-8867-4D01-B25B-11879DFCA9FB}.Release|Any CPU.Build.0 = Release|Any CPU
		{5D051620-7D86-4CD9-A3F3-A9255AF121F7}.Debug|Any CPU.ActiveCfg = Debug|Any CPU
		{5D051620-7D86-4CD9-A3F3-A9255AF121F7}.Debug|Any CPU.Build.0 = Debug|Any CPU
		{5D051620-7D86-4CD9-A3F3-A9255AF121F7}.Release|Any CPU.ActiveCfg = Release|Any CPU
		{5D051620-7D86-4CD9-A3F3-A9255AF121F7}.Release|Any CPU.Build.0 = Release|Any CPU
		{8433DC01-340F-4322-8060-F9F39E765B81}.Debug|Any CPU.ActiveCfg = Debug|Any CPU
		{8433DC01-340F-4322-8060-F9F39E765B81}.Debug|Any CPU.Build.0 = Debug|Any CPU
		{8433DC01-340F-4322-8060-F9F39E765B81}.Release|Any CPU.ActiveCfg = Release|Any CPU
		{8433DC01-340F-4322-8060-F9F39E765B81}.Release|Any CPU.Build.0 = Release|Any CPU
	EndGlobalSection
	GlobalSection(SolutionProperties) = preSolution
		HideSolutionNode = FALSE
	EndGlobalSection
	GlobalSection(NestedProjects) = preSolution
		{20B559E6-2728-4501-9A4A-820D00FCB008} = {1499879A-9626-447F-B38B-78768D39E9AD}
		{6679C949-B566-4E38-B20F-62540AD39C53} = {1499879A-9626-447F-B38B-78768D39E9AD}
		{84E32FAF-F71B-4E5D-8114-E4A5C4C81471} = {1499879A-9626-447F-B38B-78768D39E9AD}
		{10E41FA6-8867-4D01-B25B-11879DFCA9FB} = {2CADDDE9-C23C-43C0-BF5C-8A0E073DE295}
		{5D051620-7D86-4CD9-A3F3-A9255AF121F7} = {2CADDDE9-C23C-43C0-BF5C-8A0E073DE295}
		{8433DC01-340F-4322-8060-F9F39E765B81} = {2CADDDE9-C23C-43C0-BF5C-8A0E073DE295}
	EndGlobalSection
EndGlobal
