
Microsoft Visual Studio Solution File, Format Version 12.00
# Visual Studio Version 17
VisualStudioVersion = 17.12.35707.178 d17.12
MinimumVisualStudioVersion = 10.0.40219.1
Project("{2150E333-8FDC-42A3-9474-1A3956D46DE8}") = "task0", "task0", "{1499879A-9626-447F-B38B-78768D39E9AD}"
EndProject
Project("{FAE04EC0-301F-11D3-BF4B-00C04F79EFBC}") = "Tyuiu.MusinND.Sprint6.Task0.V29.Lib", "Tyuiu.MusinND.Sprint6.Task0.V29.Lib\Tyuiu.MusinND.Sprint6.Task0.V29.Lib.csproj", "{20B559E6-2728-4501-9A4A-820D00FCB008}"
EndProject
Project("{FAE04EC0-301F-11D3-BF4B-00C04F79EFBC}") = "Tyuiu.MusinND.Sprint6.Task0.V29.Test", "Tyuiu.MusinND.Sprint6.Task0.V29.Test\Tyuiu.MusinND.Sprint6.Task0.V29.Test.csproj", "{6679C949-B566-4E38-B20F-62540AD39C53}"
EndProject
Project("{FAE04EC0-301F-11D3-BF4B-00C04F79EFBC}") = "Tyuiu.MusinND.Sprint6.Task0.V29", "Tyuiu.MusinND.Sprint6.Task0.V29\Tyuiu.MusinND.Sprint6.Task0.V29.csproj", "{84E32FAF-F71B-4E5D-8114-E4A5C4C81471}"
EndProject
Project("{2150E333-8FDC-42A3-9474-1A3956D46DE8}") = "task1", "task1", "{2CADDDE9-C23C-43C0-BF5C-8A0E073DE295}"
EndProject
Project("{FAE04EC0-301F-11D3-BF4B-00C04F79EFBC}") = "Tyuiu.MusinND.Sprint6.Task1.V5", "Tyuiu.MusinND.Sprint6.Task1.V5\Tyuiu.MusinND.Sprint6.Task1.V5.csproj", "{10E41FA6-8867-4D01-B25B-11879DFCA9FB}"
EndProject
Project("{FAE04EC0-301F-11D3-BF4B-00C04F79EFBC}") = "Tyuiu.MusinND.Sprint6.Task1.V5.Test", "Tyuiu.MusinND.Sprint6.Task1.V5.Test\Tyuiu.MusinND.Sprint6.Task1.V5.Test.csproj", "{5D051620-7D86-4CD9-A3F3-A9255AF121F7}"
EndProject
Project("{FAE04EC0-301F-11D3-BF4B-00C04F79EFBC}") = "Tyuiu.MusinND.Sprint6.Task1.V5.Lib", "Tyuiu.MusinND.Sprint6.Task1.V5.Lib\Tyuiu.MusinND.Sprint6.Task1.V5.Lib.csproj", "{8433DC01-340F-4322-8060-F9F39E765B81}"
EndProject
Project("{2150E333-8FDC-42A3-9474-1A3956D46DE8}") = "task2", "task2", "{76E7667F-987C-4171-A54E-1CB7AC6E8F7E}"
EndProject
Project("{FAE04EC0-301F-11D3-BF4B-00C04F79EFBC}") = "Tyuiu.MusinND.Sprint6.Task2.V20", "Tyuiu.MusinND.Sprint6.Task2.V20\Tyuiu.MusinND.Sprint6.Task2.V20.csproj", "{3A7C8ABB-43FB-4C7D-914C-CD6806CBC1DA}"
EndProject
Project("{FAE04EC0-301F-11D3-BF4B-00C04F79EFBC}") = "Tyuiu.MusinND.Sprint6.Task2.V20.Lib", "Tyuiu.MusinND.Sprint6.Task2.V20.Lib\Tyuiu.MusinND.Sprint6.Task2.V20.Lib.csproj", "{AD797BD7-3C9E-4E37-9165-872883AA155B}"
EndProject
Project("{FAE04EC0-301F-11D3-BF4B-00C04F79EFBC}") = "Tyuiu.MusinND.Sprint6.Task2.V20.Test", "Tyuiu.MusinND.Sprint6.Task2.V20.Test\Tyuiu.MusinND.Sprint6.Task2.V20.Test.csproj", "{F91C179F-4F59-4EF1-B8B3-4757A03C04A7}"
EndProject
Project("{2150E333-8FDC-42A3-9474-1A3956D46DE8}") = "task3", "task3", "{C3CE709A-4AEA-4B84-98FE-430CA9958680}"
EndProject
Project("{FAE04EC0-301F-11D3-BF4B-00C04F79EFBC}") = "Tyuiu.MusinND.Sprint6.Task3.V17", "Tyuiu.MusinND.Sprint6.Task3.V17\Tyuiu.MusinND.Sprint6.Task3.V17.csproj", "{A5D31946-848B-45E7-ACDA-3C9F1ACC5535}"
EndProject
Project("{FAE04EC0-301F-11D3-BF4B-00C04F79EFBC}") = "Tyuiu.MusinND.Sprint6.Task3.V17.Test", "Tyuiu.MusinND.Sprint6.Task3.V17.Test\Tyuiu.MusinND.Sprint6.Task3.V17.Test.csproj", "{517BE9C9-C320-484B-99E1-4EDC21FBB9FD}"
EndProject
Project("{FAE04EC0-301F-11D3-BF4B-00C04F79EFBC}") = "Tyuiu.MusinND.Sprint6.Task3.V17.Lib", "Tyuiu.MusinND.Sprint6.Task3.V17.Lib\Tyuiu.MusinND.Sprint6.Task3.V17.Lib.csproj", "{01BFF369-871F-4A61-9974-07D8EB78A4A0}"
EndProject
Project("{2150E333-8FDC-42A3-9474-1A3956D46DE8}") = "task4", "task4", "{6D1CE59E-3B02-4397-BAE9-13238260D6E9}"
EndProject
Project("{FAE04EC0-301F-11D3-BF4B-00C04F79EFBC}") = "Tyuiu.MusinND.Sprint6.Task4.V7", "Tyuiu.MusinND.Sprint6.Task4.V7\Tyuiu.MusinND.Sprint6.Task4.V7.csproj", "{BA3E5047-AB0E-4E8C-8C72-1C0DFBB48997}"
EndProject
Project("{FAE04EC0-301F-11D3-BF4B-00C04F79EFBC}") = "Tyuiu.MusinND.Sprint6.Task4.V7.Lib", "Tyuiu.MusinND.Sprint6.Task4.V7.Lib\Tyuiu.MusinND.Sprint6.Task4.V7.Lib.csproj", "{BFC12159-7F45-4674-9B50-692E594A89BA}"
EndProject
Project("{FAE04EC0-301F-11D3-BF4B-00C04F79EFBC}") = "Tyuiu.MusinND.Sprint6.Task4.V7.Test", "Tyuiu.MusinND.Sprint6.Task4.V7.Test\Tyuiu.MusinND.Sprint6.Task4.V7.Test.csproj", "{448B78ED-4B7C-43A5-966B-F177A886C38B}"
EndProject
Project("{2150E333-8FDC-42A3-9474-1A3956D46DE8}") = "task5", "task5", "{215355FD-3D76-433C-AB33-739E716A55BD}"
EndProject
Project("{FAE04EC0-301F-11D3-BF4B-00C04F79EFBC}") = "Tyuiu.MusinND.Sprint6.Task5.V3", "Tyuiu.MusinND.Sprint6.Task5.V3\Tyuiu.MusinND.Sprint6.Task5.V3.csproj", "{B9ECBE75-B7FD-4253-8BCD-14367CABC895}"
EndProject
Project("{FAE04EC0-301F-11D3-BF4B-00C04F79EFBC}") = "Tyuiu.MusinND.Sprint6.Task5.V3.Test", "Tyuiu.MusinND.Sprint6.Task5.V3.Test\Tyuiu.MusinND.Sprint6.Task5.V3.Test.csproj", "{FA43FCBC-712F-449D-A31C-448CE582ACC9}"
EndProject
Project("{FAE04EC0-301F-11D3-BF4B-00C04F79EFBC}") = "Tyuiu.MusinND.Sprint6.Task5.V3.Lib", "Tyuiu.MusinND.Sprint6.Task5.V3.Lib\Tyuiu.MusinND.Sprint6.Task5.V3.Lib.csproj", "{B88FC782-9AB2-4315-97F2-36436CE5E6E0}"
EndProject
Global
	GlobalSection(SolutionConfigurationPlatforms) = preSolution
		Debug|Any CPU = Debug|Any CPU
		Release|Any CPU = Release|Any CPU
	EndGlobalSection
	GlobalSection(ProjectConfigurationPlatforms) = postSolution
		{20B559E6-2728-4501-9A4A-820D00FCB008}.Debug|Any CPU.ActiveCfg = Debug|Any CPU
		{20B559E6-2728-4501-9A4A-820D00FCB008}.Debug|Any CPU.Build.0 = Debug|Any CPU
		{20B559E6-2728-4501-9A4A-820D00FCB008}.Release|Any CPU.ActiveCfg = Release|Any CPU
		{20B559E6-2728-4501-9A4A-820D00FCB008}.Release|Any CPU.Build.0 = Release|Any CPU
		{6679C949-B566-4E38-B20F-62540AD39C53}.Debug|Any CPU.ActiveCfg = Debug|Any CPU
		{6679C949-B566-4E38-B20F-62540AD39C53}.Debug|Any CPU.Build.0 = Debug|Any CPU
		{6679C949-B566-4E38-B20F-62540AD39C53}.Release|Any CPU.ActiveCfg = Release|Any CPU
		{6679C949-B566-4E38-B20F-62540AD39C53}.Release|Any CPU.Build.0 = Release|Any CPU
		{84E32FAF-F71B-4E5D-8114-E4A5C4C81471}.Debug|Any CPU.ActiveCfg = Debug|Any CPU
		{84E32FAF-F71B-4E5D-8114-E4A5C4C81471}.Debug|Any CPU.Build.0 = Debug|Any CPU
		{84E32FAF-F71B-4E5D-8114-E4A5C4C81471}.Release|Any CPU.ActiveCfg = Release|Any CPU
		{84E32FAF-F71B-4E5D-8114-E4A5C4C81471}.Release|Any CPU.Build.0 = Release|Any CPU
		{10E41FA6-8867-4D01-B25B-11879DFCA9FB}.Debug|Any CPU.ActiveCfg = Debug|Any CPU
		{10E41FA6-8867-4D01-B25B-11879DFCA9FB}.Debug|Any CPU.Build.0 = Debug|Any CPU
		{10E41FA6-8867-4D01-B25B-11879DFCA9FB}.Release|Any CPU.ActiveCfg = Release|Any CPU
		{10E41FA6-8867-4D01-B25B-11879DFCA9FB}.Release|Any CPU.Build.0 = Release|Any CPU
		{5D051620-7D86-4CD9-A3F3-A9255AF121F7}.Debug|Any CPU.ActiveCfg = Debug|Any CPU
		{5D051620-7D86-4CD9-A3F3-A9255AF121F7}.Debug|Any CPU.Build.0 = Debug|Any CPU
		{5D051620-7D86-4CD9-A3F3-A9255AF121F7}.Release|Any CPU.ActiveCfg = Release|Any CPU
		{5D051620-7D86-4CD9-A3F3-A9255AF121F7}.Release|Any CPU.Build.0 = Release|Any CPU
		{8433DC01-340F-4322-8060-F9F39E765B81}.Debug|Any CPU.ActiveCfg = Debug|Any CPU
		{8433DC01-340F-4322-8060-F9F39E765B81}.Debug|Any CPU.Build.0 = Debug|Any CPU
		{8433DC01-340F-4322-8060-F9F39E765B81}.Release|Any CPU.ActiveCfg = Release|Any CPU
		{8433DC01-340F-4322-8060-F9F39E765B81}.Release|Any CPU.Build.0 = Release|Any CPU
		{3A7C8ABB-43FB-4C7D-914C-CD6806CBC1DA}.Debug|Any CPU.ActiveCfg = Debug|Any CPU
		{3A7C8ABB-43FB-4C7D-914C-CD6806CBC1DA}.Debug|Any CPU.Build.0 = Debug|Any CPU
		{3A7C8ABB-43FB-4C7D-914C-CD6806CBC1DA}.Release|Any CPU.ActiveCfg = Release|Any CPU
		{3A7C8ABB-43FB-4C7D-914C-CD6806CBC1DA}.Release|Any CPU.Build.0 = Release|Any CPU
		{AD797BD7-3C9E-4E37-9165-872883AA155B}.Debug|Any CPU.ActiveCfg = Debug|Any CPU
		{AD797BD7-3C9E-4E37-9165-872883AA155B}.Debug|Any CPU.Build.0 = Debug|Any CPU
		{AD797BD7-3C9E-4E37-9165-872883AA155B}.Release|Any CPU.ActiveCfg = Release|Any CPU
		{AD797BD7-3C9E-4E37-9165-872883AA155B}.Release|Any CPU.Build.0 = Release|Any CPU
		{F91C179F-4F59-4EF1-B8B3-4757A03C04A7}.Debug|Any CPU.ActiveCfg = Debug|Any CPU
		{F91C179F-4F59-4EF1-B8B3-4757A03C04A7}.Debug|Any CPU.Build.0 = Debug|Any CPU
		{F91C179F-4F59-4EF1-B8B3-4757A03C04A7}.Release|Any CPU.ActiveCfg = Release|Any CPU
		{F91C179F-4F59-4EF1-B8B3-4757A03C04A7}.Release|Any CPU.Build.0 = Release|Any CPU
		{A5D31946-848B-45E7-ACDA-3C9F1ACC5535}.Debug|Any CPU.ActiveCfg = Debug|Any CPU
		{A5D31946-848B-45E7-ACDA-3C9F1ACC5535}.Debug|Any CPU.Build.0 = Debug|Any CPU
		{A5D31946-848B-45E7-ACDA-3C9F1ACC5535}.Release|Any CPU.ActiveCfg = Release|Any CPU
		{A5D31946-848B-45E7-ACDA-3C9F1ACC5535}.Release|Any CPU.Build.0 = Release|Any CPU
		{517BE9C9-C320-484B-99E1-4EDC21FBB9FD}.Debug|Any CPU.ActiveCfg = Debug|Any CPU
		{517BE9C9-C320-484B-99E1-4EDC21FBB9FD}.Debug|Any CPU.Build.0 = Debug|Any CPU
		{517BE9C9-C320-484B-99E1-4EDC21FBB9FD}.Release|Any CPU.ActiveCfg = Release|Any CPU
		{517BE9C9-C320-484B-99E1-4EDC21FBB9FD}.Release|Any CPU.Build.0 = Release|Any CPU
		{01BFF369-871F-4A61-9974-07D8EB78A4A0}.Debug|Any CPU.ActiveCfg = Debug|Any CPU
		{01BFF369-871F-4A61-9974-07D8EB78A4A0}.Debug|Any CPU.Build.0 = Debug|Any CPU
		{01BFF369-871F-4A61-9974-07D8EB78A4A0}.Release|Any CPU.ActiveCfg = Release|Any CPU
		{01BFF369-871F-4A61-9974-07D8EB78A4A0}.Release|Any CPU.Build.0 = Release|Any CPU
		{BA3E5047-AB0E-4E8C-8C72-1C0DFBB48997}.Debug|Any CPU.ActiveCfg = Debug|Any CPU
		{BA3E5047-AB0E-4E8C-8C72-1C0DFBB48997}.Debug|Any CPU.Build.0 = Debug|Any CPU
		{BA3E5047-AB0E-4E8C-8C72-1C0DFBB48997}.Release|Any CPU.ActiveCfg = Release|Any CPU
		{BA3E5047-AB0E-4E8C-8C72-1C0DFBB48997}.Release|Any CPU.Build.0 = Release|Any CPU
		{BFC12159-7F45-4674-9B50-692E594A89BA}.Debug|Any CPU.ActiveCfg = Debug|Any CPU
		{BFC12159-7F45-4674-9B50-692E594A89BA}.Debug|Any CPU.Build.0 = Debug|Any CPU
		{BFC12159-7F45-4674-9B50-692E594A89BA}.Release|Any CPU.ActiveCfg = Release|Any CPU
		{BFC12159-7F45-4674-9B50-692E594A89BA}.Release|Any CPU.Build.0 = Release|Any CPU
		{448B78ED-4B7C-43A5-966B-F177A886C38B}.Debug|Any CPU.ActiveCfg = Debug|Any CPU
		{448B78ED-4B7C-43A5-966B-F177A886C38B}.Debug|Any CPU.Build.0 = Debug|Any CPU
		{448B78ED-4B7C-43A5-966B-F177A886C38B}.Release|Any CPU.ActiveCfg = Release|Any CPU
		{448B78ED-4B7C-43A5-966B-F177A886C38B}.Release|Any CPU.Build.0 = Release|Any CPU
		{B9ECBE75-B7FD-4253-8BCD-14367CABC895}.Debug|Any CPU.ActiveCfg = Debug|Any CPU
		{B9ECBE75-B7FD-4253-8BCD-14367CABC895}.Debug|Any CPU.Build.0 = Debug|Any CPU
		{B9ECBE75-B7FD-4253-8BCD-14367CABC895}.Release|Any CPU.ActiveCfg = Release|Any CPU
		{B9ECBE75-B7FD-4253-8BCD-14367CABC895}.Release|Any CPU.Build.0 = Release|Any CPU
		{FA43FCBC-712F-449D-A31C-448CE582ACC9}.Debug|Any CPU.ActiveCfg = Debug|Any CPU
		{FA43FCBC-712F-449D-A31C-448CE582ACC9}.Debug|Any CPU.Build.0 = Debug|Any CPU
		{FA43FCBC-712F-449D-A31C-448CE582ACC9}.Release|Any CPU.ActiveCfg = Release|Any CPU
		{FA43FCBC-712F-449D-A31C-448CE582ACC9}.Release|Any CPU.Build.0 = Release|Any CPU
		{B88FC782-9AB2-4315-97F2-36436CE5E6E0}.Debug|Any CPU.ActiveCfg = Debug|Any CPU
		{B88FC782-9AB2-4315-97F2-36436CE5E6E0}.Debug|Any CPU.Build.0 = Debug|Any CPU
		{B88FC782-9AB2-4315-97F2-36436CE5E6E0}.Release|Any CPU.ActiveCfg = Release|Any CPU
		{B88FC782-9AB2-4315-97F2-36436CE5E6E0}.Release|Any CPU.Build.0 = Release|Any CPU
	EndGlobalSection
	GlobalSection(SolutionProperties) = preSolution
		HideSolutionNode = FALSE
	EndGlobalSection
	GlobalSection(NestedProjects) = preSolution
		{20B559E6-2728-4501-9A4A-820D00FCB008} = {1499879A-9626-447F-B38B-78768D39E9AD}
		{6679C949-B566-4E38-B20F-62540AD39C53} = {1499879A-9626-447F-B38B-78768D39E9AD}
		{84E32FAF-F71B-4E5D-8114-E4A5C4C81471} = {1499879A-9626-447F-B38B-78768D39E9AD}
		{10E41FA6-8867-4D01-B25B-11879DFCA9FB} = {2CADDDE9-C23C-43C0-BF5C-8A0E073DE295}
		{5D051620-7D86-4CD9-A3F3-A9255AF121F7} = {2CADDDE9-C23C-43C0-BF5C-8A0E073DE295}
		{8433DC01-340F-4322-8060-F9F39E765B81} = {2CADDDE9-C23C-43C0-BF5C-8A0E073DE295}
		{3A7C8ABB-43FB-4C7D-914C-CD6806CBC1DA} = {76E7667F-987C-4171-A54E-1CB7AC6E8F7E}
		{AD797BD7-3C9E-4E37-9165-872883AA155B} = {76E7667F-987C-4171-A54E-1CB7AC6E8F7E}
		{F91C179F-4F59-4EF1-B8B3-4757A03C04A7} = {76E7667F-987C-4171-A54E-1CB7AC6E8F7E}
		{A5D31946-848B-45E7-ACDA-3C9F1ACC5535} = {C3CE709A-4AEA-4B84-98FE-430CA9958680}
		{517BE9C9-C320-484B-99E1-4EDC21FBB9FD} = {C3CE709A-4AEA-4B84-98FE-430CA9958680}
		{01BFF369-871F-4A61-9974-07D8EB78A4A0} = {C3CE709A-4AEA-4B84-98FE-430CA9958680}
		{BA3E5047-AB0E-4E8C-8C72-1C0DFBB48997} = {6D1CE59E-3B02-4397-BAE9-13238260D6E9}
		{BFC12159-7F45-4674-9B50-692E594A89BA} = {6D1CE59E-3B02-4397-BAE9-13238260D6E9}
		{448B78ED-4B7C-43A5-966B-F177A886C38B} = {6D1CE59E-3B02-4397-BAE9-13238260D6E9}
		{B9ECBE75-B7FD-4253-8BCD-14367CABC895} = {215355FD-3D76-433C-AB33-739E716A55BD}
		{FA43FCBC-712F-449D-A31C-448CE582ACC9} = {215355FD-3D76-433C-AB33-739E716A55BD}
		{B88FC782-9AB2-4315-97F2-36436CE5E6E0} = {215355FD-3D76-433C-AB33-739E716A55BD}
	EndGlobalSection
EndGlobal
